
Microsoft Visual Studio Solution File, Format Version 11.00
# Visual Studio 2010
Project("{FAE04EC0-301F-11D3-BF4B-00C04F79EFBC}") = "Snipe.Tests", "Snipe.Tests\Snipe.Tests.csproj", "{B6EFA681-0E60-4488-975F-9C3173D45F0E}"
EndProject
Project("{FAE04EC0-301F-11D3-BF4B-00C04F79EFBC}") = "SnipeLib", "SnipeLib\SnipeLib.csproj", "{7EA5C668-B395-4B7F-8540-3CD63EF11DEC}"
EndProject
Project("{FAE04EC0-301F-11D3-BF4B-00C04F79EFBC}") = "Snipe", "Snipe\Snipe.csproj", "{4AE81032-122D-46C3-AFBB-535CE891197C}"
EndProject
Project("{54435603-DBB4-11D2-8724-00A0C9A8B90C}") = "InstallSnipe", "InstallSnipe\InstallSnipe.vdproj", "{07DCA762-C5DD-40E5-966A-B41ED1C910DB}"
EndProject
Global
	GlobalSection(SolutionConfigurationPlatforms) = preSolution
		Debug|Any CPU = Debug|Any CPU
		Debug|Mixed Platforms = Debug|Mixed Platforms
		Debug|x86 = Debug|x86
		Release|Any CPU = Release|Any CPU
		Release|Mixed Platforms = Release|Mixed Platforms
		Release|x86 = Release|x86
	EndGlobalSection
	GlobalSection(ProjectConfigurationPlatforms) = postSolution
		{B6EFA681-0E60-4488-975F-9C3173D45F0E}.Debug|Any CPU.ActiveCfg = Debug|Any CPU
		{B6EFA681-0E60-4488-975F-9C3173D45F0E}.Debug|Any CPU.Build.0 = Debug|Any CPU
		{B6EFA681-0E60-4488-975F-9C3173D45F0E}.Debug|Mixed Platforms.ActiveCfg = Debug|Any CPU
		{B6EFA681-0E60-4488-975F-9C3173D45F0E}.Debug|Mixed Platforms.Build.0 = Debug|Any CPU
		{B6EFA681-0E60-4488-975F-9C3173D45F0E}.Debug|x86.ActiveCfg = Debug|Any CPU
		{B6EFA681-0E60-4488-975F-9C3173D45F0E}.Release|Any CPU.ActiveCfg = Release|Any CPU
		{B6EFA681-0E60-4488-975F-9C3173D45F0E}.Release|Mixed Platforms.ActiveCfg = Release|Any CPU
		{B6EFA681-0E60-4488-975F-9C3173D45F0E}.Release|Mixed Platforms.Build.0 = Release|Any CPU
		{B6EFA681-0E60-4488-975F-9C3173D45F0E}.Release|x86.ActiveCfg = Release|Any CPU
		{7EA5C668-B395-4B7F-8540-3CD63EF11DEC}.Debug|Any CPU.ActiveCfg = Debug|Any CPU
		{7EA5C668-B395-4B7F-8540-3CD63EF11DEC}.Debug|Any CPU.Build.0 = Debug|Any CPU
		{7EA5C668-B395-4B7F-8540-3CD63EF11DEC}.Debug|Mixed Platforms.ActiveCfg = Debug|Any CPU
		{7EA5C668-B395-4B7F-8540-3CD63EF11DEC}.Debug|Mixed Platforms.Build.0 = Debug|Any CPU
		{7EA5C668-B395-4B7F-8540-3CD63EF11DEC}.Debug|x86.ActiveCfg = Debug|Any CPU
		{7EA5C668-B395-4B7F-8540-3CD63EF11DEC}.Release|Any CPU.ActiveCfg = Release|Any CPU
		{7EA5C668-B395-4B7F-8540-3CD63EF11DEC}.Release|Any CPU.Build.0 = Release|Any CPU
		{7EA5C668-B395-4B7F-8540-3CD63EF11DEC}.Release|Mixed Platforms.ActiveCfg = Release|Any CPU
		{7EA5C668-B395-4B7F-8540-3CD63EF11DEC}.Release|Mixed Platforms.Build.0 = Release|Any CPU
		{7EA5C668-B395-4B7F-8540-3CD63EF11DEC}.Release|x86.ActiveCfg = Release|Any CPU
		{4AE81032-122D-46C3-AFBB-535CE891197C}.Debug|Any CPU.ActiveCfg = Debug|x86
		{4AE81032-122D-46C3-AFBB-535CE891197C}.Debug|Mixed Platforms.ActiveCfg = Debug|x86
		{4AE81032-122D-46C3-AFBB-535CE891197C}.Debug|Mixed Platforms.Build.0 = Debug|x86
		{4AE81032-122D-46C3-AFBB-535CE891197C}.Debug|x86.ActiveCfg = Debug|x86
		{4AE81032-122D-46C3-AFBB-535CE891197C}.Debug|x86.Build.0 = Debug|x86
		{4AE81032-122D-46C3-AFBB-535CE891197C}.Release|Any CPU.ActiveCfg = Release|x86
		{4AE81032-122D-46C3-AFBB-535CE891197C}.Release|Any CPU.Build.0 = Release|x86
		{4AE81032-122D-46C3-AFBB-535CE891197C}.Release|Mixed Platforms.ActiveCfg = Release|x86
		{4AE81032-122D-46C3-AFBB-535CE891197C}.Release|Mixed Platforms.Build.0 = Release|x86
		{4AE81032-122D-46C3-AFBB-535CE891197C}.Release|x86.ActiveCfg = Release|x86
		{4AE81032-122D-46C3-AFBB-535CE891197C}.Release|x86.Build.0 = Release|x86
		{07DCA762-C5DD-40E5-966A-B41ED1C910DB}.Debug|Any CPU.ActiveCfg = Debug
		{07DCA762-C5DD-40E5-966A-B41ED1C910DB}.Debug|Mixed Platforms.ActiveCfg = Debug
		{07DCA762-C5DD-40E5-966A-B41ED1C910DB}.Debug|x86.ActiveCfg = Debug
		{07DCA762-C5DD-40E5-966A-B41ED1C910DB}.Release|Any CPU.ActiveCfg = Release
		{07DCA762-C5DD-40E5-966A-B41ED1C910DB}.Release|Any CPU.Build.0 = Release
		{07DCA762-C5DD-40E5-966A-B41ED1C910DB}.Release|Mixed Platforms.ActiveCfg = Release
		{07DCA762-C5DD-40E5-966A-B41ED1C910DB}.Release|x86.ActiveCfg = Release
	EndGlobalSection
	GlobalSection(SolutionProperties) = preSolution
		HideSolutionNode = FALSE
	EndGlobalSection
EndGlobal
